
Microsoft Visual Studio Solution File, Format Version 12.00
# Visual Studio Version 17
VisualStudioVersion = 17.3.32929.385
MinimumVisualStudioVersion = 10.0.40219.1
Project("{FAE04EC0-301F-11D3-BF4B-00C04F79EFBC}") = "BinarySearchTree", "BinarySearchTree\BinarySearchTree.csproj", "{D00C0340-2F89-4F03-82D3-3D98A82047E2}"
EndProject
Global
	GlobalSection(SolutionConfigurationPlatforms) = preSolution
		Debug|Any CPU = Debug|Any CPU
		Release|Any CPU = Release|Any CPU
	EndGlobalSection
	GlobalSection(ProjectConfigurationPlatforms) = postSolution
		{D00C0340-2F89-4F03-82D3-3D98A82047E2}.Debug|Any CPU.ActiveCfg = Debug|Any CPU
		{D00C0340-2F89-4F03-82D3-3D98A82047E2}.Debug|Any CPU.Build.0 = Debug|Any CPU
		{D00C0340-2F89-4F03-82D3-3D98A82047E2}.Release|Any CPU.ActiveCfg = Release|Any CPU
		{D00C0340-2F89-4F03-82D3-3D98A82047E2}.Release|Any CPU.Build.0 = Release|Any CPU
	EndGlobalSection
	GlobalSection(SolutionProperties) = preSolution
		HideSolutionNode = FALSE
	EndGlobalSection
	GlobalSection(ExtensibilityGlobals) = postSolution
		SolutionGuid = {EF95065A-A08C-498A-8434-685B6DB58956}
	EndGlobalSection
EndGlobal
